
Microsoft Visual Studio Solution File, Format Version 12.00
# Visual Studio Version 17
VisualStudioVersion = 17.3.32825.248
MinimumVisualStudioVersion = 10.0.40219.1
Project("{FAE04EC0-301F-11D3-BF4B-00C04F79EFBC}") = "Game", "Game\Game.csproj", "{1A1F2524-F007-4888-9748-8B77D683BD77}"
EndProject
Project("{FAE04EC0-301F-11D3-BF4B-00C04F79EFBC}") = "Game.Tests", "Game.Tests\Game.Tests.csproj", "{1925266F-B883-46DA-B31D-02FF2530B713}"
EndProject
Global
	GlobalSection(SolutionConfigurationPlatforms) = preSolution
		Debug|Any CPU = Debug|Any CPU
		Release|Any CPU = Release|Any CPU
	EndGlobalSection
	GlobalSection(ProjectConfigurationPlatforms) = postSolution
		{1A1F2524-F007-4888-9748-8B77D683BD77}.Debug|Any CPU.ActiveCfg = Debug|Any CPU
		{1A1F2524-F007-4888-9748-8B77D683BD77}.Debug|Any CPU.Build.0 = Debug|Any CPU
		{1A1F2524-F007-4888-9748-8B77D683BD77}.Release|Any CPU.ActiveCfg = Release|Any CPU
		{1A1F2524-F007-4888-9748-8B77D683BD77}.Release|Any CPU.Build.0 = Release|Any CPU
		{1925266F-B883-46DA-B31D-02FF2530B713}.Debug|Any CPU.ActiveCfg = Debug|Any CPU
		{1925266F-B883-46DA-B31D-02FF2530B713}.Debug|Any CPU.Build.0 = Debug|Any CPU
		{1925266F-B883-46DA-B31D-02FF2530B713}.Release|Any CPU.ActiveCfg = Release|Any CPU
		{1925266F-B883-46DA-B31D-02FF2530B713}.Release|Any CPU.Build.0 = Release|Any CPU
	EndGlobalSection
	GlobalSection(SolutionProperties) = preSolution
		HideSolutionNode = FALSE
	EndGlobalSection
	GlobalSection(ExtensibilityGlobals) = postSolution
		SolutionGuid = {03C3E819-18D3-43A7-B65B-2B564EDEA421}
	EndGlobalSection
EndGlobal
